{
    "_meta": {
        "hash": {
            "sha256": "a2f7bdf2c819cca5c72cf91b4657fdd1458cb4aa05419256e1c0fcb03301203d"
        },
        "pipfile-spec": 6,
        "requires": {
            "python_version": "3.6"
        },
        "sources": [
            {
                "url": "https://pypi.python.org/simple",
                "verify_ssl": true
            }
        ]
    },
    "default": {
        "awesome-slugify": {
            "hashes": [
                "sha256:bbdec3fa2187917473a2efad092b57f7125a55f841a7cf6a1773178d32ccfd71"
            ],
            "version": "==1.6.5"
        },
        "beautifulsoup4": {
            "hashes": [
                "sha256:11a9a27b7d3bddc6d86f59fb76afb70e921a25ac2d6cc55b40d072bd68435a76",
                "sha256:7015e76bf32f1f574636c4288399a6de66ce08fb7b2457f628a8d70c0fbabb11",
                "sha256:808b6ac932dccb0a4126558f7dfdcf41710dd44a4ef497a0bb59a77f9f078e89"
            ],
            "version": "==4.6.0"
        },
        "certifi": {
            "hashes": [
                "sha256:1a4995114262bffbc2413b159f2a1a480c969de6e6eb13ee966d470af86af59c",
                "sha256:719a74fb9e33b9bd44cc7f3a8d94bc35e4049deebe19ba7d8e108280cfd59830"
            ],
            "version": "==2020.12.5"
        },
        "chardet": {
            "hashes": [
                "sha256:84ab92ed1c4d4f16916e05906b6b75a6c0fb5db821cc65e70cbd64a3e2a5eaae",
                "sha256:fc323ffcaeaed0e0a02bf4d117757b98aed530d9ed4531e3e15460124c106691"
            ],
            "version": "==3.0.4"
        },
        "future": {
            "hashes": [
                "sha256:b1bead90b70cf6ec3f0710ae53a525360fa360d306a86583adc6bf83a4db537d"
            ],
            "version": "==0.18.2"
        },
        "idna": {
            "hashes": [
                "sha256:3cb5ce08046c4e3a560fc02f138d0ac63e00f8ce5901a56b32ec8b7994082aab",
                "sha256:cc19709fd6d0cbfed39ea875d29ba6d4e22c0cebc510a76d6302a28385e8bb70"
            ],
            "version": "==2.5"
        },
        "python-telegram-bot": {
            "hashes": [
                "sha256:90ac2ff18f6217ad06330af98ba148957c55b92ae473c65b6726e6b17d3674f6",
                "sha256:f056bee9373b2789786a20366b4c986daa0569baa75c7ca0e32729487ba939d0"
            ],
            "version": "==6.1.0"
        },
        "regex": {
            "hashes": [
                "sha256:01afaf2ec48e196ba91b37451aa353cb7eda77efe518e481707e0515025f0cd5",
                "sha256:11d773d75fa650cd36f68d7ca936e3c7afaae41b863b8c387a22aaa78d3c5c79",
                "sha256:18c071c3eb09c30a264879f0d310d37fe5d3a3111662438889ae2eb6fc570c31",
                "sha256:1e1c20e29358165242928c2de1482fb2cf4ea54a6a6dea2bd7a0e0d8ee321500",
                "sha256:281d2fd05555079448537fe108d79eb031b403dac622621c78944c235f3fcf11",
                "sha256:314d66636c494ed9c148a42731b3834496cc9a2c4251b1661e40936814542b14",
                "sha256:32e65442138b7b76dd8173ffa2cf67356b7bc1768851dded39a7a13bf9223da3",
                "sha256:339456e7d8c06dd36a22e451d58ef72cef293112b559010db3d054d5560ef439",
                "sha256:3916d08be28a1149fb97f7728fca1f7c15d309a9f9682d89d79db75d5e52091c",
                "sha256:3a9cd17e6e5c7eb328517969e0cb0c3d31fd329298dd0c04af99ebf42e904f82",
                "sha256:47bf5bf60cf04d72bf6055ae5927a0bd9016096bf3d742fa50d9bf9f45aa0711",
                "sha256:4c46e22a0933dd783467cf32b3516299fb98cfebd895817d685130cc50cd1093",
                "sha256:4c557a7b470908b1712fe27fb1ef20772b78079808c87d20a90d051660b1d69a",
                "sha256:52ba3d3f9b942c49d7e4bc105bb28551c44065f139a65062ab7912bef10c9afb",
                "sha256:563085e55b0d4fb8f746f6a335893bda5c2cef43b2f0258fe1020ab1dd874df8",
                "sha256:598585c9f0af8374c28edd609eb291b5726d7cbce16be6a8b95aa074d252ee17",
                "sha256:619d71c59a78b84d7f18891fe914446d07edd48dc8328c8e149cbe0929b4e000",
                "sha256:67bdb9702427ceddc6ef3dc382455e90f785af4c13d495f9626861763ee13f9d",
                "sha256:6d1b01031dedf2503631d0903cb563743f397ccaf6607a5e3b19a3d76fc10480",
                "sha256:741a9647fcf2e45f3a1cf0e24f5e17febf3efe8d4ba1281dcc3aa0459ef424dc",
                "sha256:7c2a1af393fcc09e898beba5dd59196edaa3116191cc7257f9224beaed3e1aa0",
                "sha256:7d9884d86dd4dd489e981d94a65cd30d6f07203d90e98f6f657f05170f6324c9",
                "sha256:90f11ff637fe8798933fb29f5ae1148c978cccb0452005bf4c69e13db951e765",
                "sha256:919859aa909429fb5aa9cf8807f6045592c85ef56fdd30a9a3747e513db2536e",
                "sha256:96fcd1888ab4d03adfc9303a7b3c0bd78c5412b2bfbe76db5b56d9eae004907a",
                "sha256:97f29f57d5b84e73fbaf99ab3e26134e6687348e95ef6b48cfd2c06807005a07",
                "sha256:980d7be47c84979d9136328d882f67ec5e50008681d94ecc8afa8a65ed1f4a6f",
                "sha256:a91aa8619b23b79bcbeb37abe286f2f408d2f2d6f29a17237afda55bb54e7aac",
                "sha256:ade17eb5d643b7fead300a1641e9f45401c98eee23763e9ed66a43f92f20b4a7",
                "sha256:b9c3db21af35e3b3c05764461b262d6f05bbca08a71a7849fd79d47ba7bc33ed",
                "sha256:bd28bc2e3a772acbb07787c6308e00d9626ff89e3bfcdebe87fa5afbfdedf968",
                "sha256:bf5824bfac591ddb2c1f0a5f4ab72da28994548c708d2191e3b87dd207eb3ad7",
                "sha256:c0502c0fadef0d23b128605d69b58edb2c681c25d44574fc673b0e52dce71ee2",
                "sha256:c38c71df845e2aabb7fb0b920d11a1b5ac8526005e533a8920aea97efb8ec6a4",
                "sha256:ce15b6d103daff8e9fee13cf7f0add05245a05d866e73926c358e871221eae87",
                "sha256:d3029c340cfbb3ac0a71798100ccc13b97dddf373a4ae56b6a72cf70dfd53bc8",
                "sha256:e512d8ef5ad7b898cdb2d8ee1cb09a8339e4f8be706d27eaa180c2f177248a10",
                "sha256:e8e5b509d5c2ff12f8418006d5a90e9436766133b564db0abaec92fd27fcee29",
                "sha256:ee54ff27bf0afaf4c3b3a62bcd016c12c3fdb4ec4f413391a90bd38bc3624605",
                "sha256:fa4537fb4a98fe8fde99626e4681cc644bdcf2a795038533f9f711513a862ae6",
                "sha256:fd45ff9293d9274c5008a2054ecef86a9bfe819a67c7be1afb65e69b405b3042"
            ],
            "version": "==2021.4.4"
        },
        "requests": {
            "hashes": [
                "sha256:6afd3371c1f4c1970497cdcace5c5ecbbe58267bf05ca1abd93d99d170803ab7",
                "sha256:c6f3bdf4a4323ac7b45d01e04a6f6c20e32a052cd04de81e05103abc049ad9b9"
            ],
            "version": "==2.18.1"
        },
        "unidecode": {
            "hashes": [
                "sha256:280a6ab88e1f2eb5af79edff450021a0d3f0448952847cd79677e55e58bad051",
                "sha256:61f807220eda0203a774a09f84b4304a3f93b5944110cc132af29ddb81366883"
            ],
            "version": "==0.4.21"
        },
        "urllib3": {
            "hashes": [
                "sha256:8ed6d5c1ff9d6ba84677310060d6a3a78ca3072ce0684cb3c645023009c114b1",
                "sha256:b14486978518ca0901a76ba973d7821047409d7f726f22156b24e83fd71382a5"
            ],
            "version": "==1.21.1"
        }
    },
    "develop": {
        "py": {
            "hashes": [
                "sha256:21b81bda15b66ef5e1a777a21c4dcd9c20ad3efd0b3f817e7a809035269e1bd3",
                "sha256:3b80836aa6d1feeaa108e046da6423ab8f6ceda6468545ae8d02d9d58d18818a"
            ],
            "version": "==1.10.0"
        },
        "pytest": {
            "hashes": [
                "sha256:095e1832f7e424563c95daf4d8d3c865052b80e139cdd2f9610a986ee8526206",
                "sha256:2a4f483468954621fcc8f74784f3b42531e5b5008d49fc609b37bc4dbc6dead1"
            ],
            "version": "==3.1.3"
        }
    }
}
