{
    "_meta": {
        "hash": {
            "sha256": "a2f7bdf2c819cca5c72cf91b4657fdd1458cb4aa05419256e1c0fcb03301203d"
        },
        "pipfile-spec": 6,
        "requires": {
            "python_version": "3.6"
        },
        "sources": [
            {
                "url": "https://pypi.python.org/simple",
                "verify_ssl": true
            }
        ]
    },
    "default": {
        "awesome-slugify": {
            "hashes": [
                "sha256:bbdec3fa2187917473a2efad092b57f7125a55f841a7cf6a1773178d32ccfd71"
            ],
            "version": "==1.6.5"
        },
        "beautifulsoup4": {
            "hashes": [
                "sha256:11a9a27b7d3bddc6d86f59fb76afb70e921a25ac2d6cc55b40d072bd68435a76",
                "sha256:7015e76bf32f1f574636c4288399a6de66ce08fb7b2457f628a8d70c0fbabb11",
                "sha256:808b6ac932dccb0a4126558f7dfdcf41710dd44a4ef497a0bb59a77f9f078e89"
            ],
            "version": "==4.6.0"
        },
        "certifi": {
            "hashes": [
                "sha256:e4f3620cfea4f83eedc95b24abd9cd56f3c4b146dd0177e83a21b4eb49e21e50",
                "sha256:fd7c7c74727ddcf00e9acd26bba8da604ffec95bf1c2144e67aff7a8b50e6cef"
            ],
            "version": "==2019.9.11"
        },
        "chardet": {
            "hashes": [
                "sha256:84ab92ed1c4d4f16916e05906b6b75a6c0fb5db821cc65e70cbd64a3e2a5eaae",
                "sha256:fc323ffcaeaed0e0a02bf4d117757b98aed530d9ed4531e3e15460124c106691"
            ],
            "version": "==3.0.4"
        },
        "future": {
            "hashes": [
                "sha256:858e38522e8fd0d3ce8f0c1feaf0603358e366d5403209674c7b617fa0c24093"
            ],
            "version": "==0.18.1"
        },
        "idna": {
            "hashes": [
                "sha256:156a6814fb5ac1fc6850fb002e0852d56c0c8d2531923a51032d1b70760e186e",
                "sha256:684a38a6f903c1d71d6d5fac066b58d7768af4de2b832e426ec79c30daa94a16"
            ],
            "version": "==2.7"
        },
        "python-telegram-bot": {
            "hashes": [
                "sha256:90ac2ff18f6217ad06330af98ba148957c55b92ae473c65b6726e6b17d3674f6",
                "sha256:f056bee9373b2789786a20366b4c986daa0569baa75c7ca0e32729487ba939d0"
            ],
            "version": "==6.1.0"
        },
        "regex": {
            "hashes": [
                "sha256:1e9f9bc44ca195baf0040b1938e6801d2f3409661c15fe57f8164c678cfc663f",
                "sha256:2079f83ac094b436a8078988e38af44286c67eb5a259becfc563e8a81cb34a11",
                "sha256:43dbcc90e1bd42d905abc8dac75a64768d4b621c9e01adfcd8a57df1af65793e",
                "sha256:587b62d48ca359d2d4f02d486f1f0aa9a20fbaf23a9d4198c4bed72ab2f6c849",
                "sha256:835ccdcdc612821edf132c20aef3eaaecfb884c9454fdc480d5887562594ac61",
                "sha256:93f6c9da57e704e128d90736430c5c59dd733327882b371b0cae8833106c2a21",
                "sha256:a46f27d267665016acb3ec8c6046ec5eae8cf80befe85ba47f43c6f5ec636dcd",
                "sha256:c5c8999b3a341b21ac2c6ec704cfcccbc50f1fedd61b6a8ee915ca7fd4b0a557",
                "sha256:d4d1829cf97632673aa49f378b0a2c3925acd795148c5ace8ef854217abbee89",
                "sha256:d96479257e8e4d1d7800adb26bf9c5ca5bab1648a1eddcac84d107b73dc68327",
                "sha256:f20f4912daf443220436759858f96fefbfc6c6ba9e67835fd6e4e9b73582791a",
                "sha256:f2b37b5b2c2a9d56d9e88efef200ec09c36c7f323f9d58d0b985a90923df386d",
                "sha256:fe765b809a1f7ce642c2edeee351e7ebd84391640031ba4b60af8d91a9045890"
            ],
            "version": "==2019.8.19"
        },
        "requests": {
            "hashes": [
                "sha256:99dcfdaaeb17caf6e526f32b6a7b780461512ab3f1d992187801694cba42770c",
                "sha256:a84b8c9ab6239b578f22d1c21d51b696dcfe004032bb80ea832398d6909d7279"
            ],
            "version": "==2.20.0"
        },
        "unidecode": {
            "hashes": [
                "sha256:280a6ab88e1f2eb5af79edff450021a0d3f0448952847cd79677e55e58bad051",
                "sha256:61f807220eda0203a774a09f84b4304a3f93b5944110cc132af29ddb81366883"
            ],
            "version": "==0.4.21"
        },
        "urllib3": {
            "hashes": [
                "sha256:2393a695cd12afedd0dcb26fe5d50d0cf248e5a66f75dbd89a3d4eb333a61af4",
                "sha256:a637e5fae88995b256e3409dc4d52c2e2e0ba32c42a6365fee8bbd2238de3cfb"
            ],
            "version": "==1.24.3"
        }
    },
    "develop": {
        "py": {
            "hashes": [
                "sha256:64f65755aee5b381cea27766a3a147c3f15b9b6b9ac88676de66ba2ae36793fa",
                "sha256:dc639b046a6e2cff5bbe40194ad65936d6ba360b52b3c3fe1d08a82dd50b5e53"
            ],
            "version": "==1.8.0"
        },
        "pytest": {
            "hashes": [
                "sha256:095e1832f7e424563c95daf4d8d3c865052b80e139cdd2f9610a986ee8526206",
                "sha256:2a4f483468954621fcc8f74784f3b42531e5b5008d49fc609b37bc4dbc6dead1"
            ],
            "version": "==3.1.3"
        }
    }
}
